Microsoft Visual Studio Solution File, Format Version 11.00
# Visual Studio 2010
Project("{FAE04EC0-301F-11D3-BF4B-00C04F79EFBC}") = "TrionicCANFlasher", "TrionicCANFlasher\TrionicCANFlasher.csproj", "{AD7871BE-0280-47D4-9492-2181BB1C789B}"
EndProject
Project("{FAE04EC0-301F-11D3-BF4B-00C04F79EFBC}") = "TrionicCANLib", "TrionicCANLib\TrionicCANLib.csproj", "{3FE690B8-7A3B-425E-913C-BFF7A55F7BC4}"
EndProject
Project("{54435603-DBB4-11D2-8724-00A0C9A8B90C}") = "SetupCANFlash", "SetupCANFlash\SetupCANFlash.vdproj", "{C3CB3D93-F5A8-4C61-B929-5F89E6B8AC0B}"
EndProject
Project("{930C7802-8A8C-48F9-8165-68863BCCD9DD}") = "SetupCANFlasher", "SetupCANFlasher\SetupCANFlasher.wixproj", "{3D666E41-0263-4EFC-9B80-743CCE5494D6}"
EndProject
Global
	GlobalSection(SolutionConfigurationPlatforms) = preSolution
		Debug|Any CPU = Debug|Any CPU
		Debug|x86 = Debug|x86
		Release|Any CPU = Release|Any CPU
		Release|x86 = Release|x86
	EndGlobalSection
	GlobalSection(ProjectConfigurationPlatforms) = postSolution
		{AD7871BE-0280-47D4-9492-2181BB1C789B}.Debug|Any CPU.ActiveCfg = Debug|x86
		{AD7871BE-0280-47D4-9492-2181BB1C789B}.Debug|Any CPU.Build.0 = Debug|x86
		{AD7871BE-0280-47D4-9492-2181BB1C789B}.Debug|x86.ActiveCfg = Debug|x86
		{AD7871BE-0280-47D4-9492-2181BB1C789B}.Debug|x86.Build.0 = Debug|x86
		{AD7871BE-0280-47D4-9492-2181BB1C789B}.Release|Any CPU.ActiveCfg = Release|x86
		{AD7871BE-0280-47D4-9492-2181BB1C789B}.Release|Any CPU.Build.0 = Release|x86
		{AD7871BE-0280-47D4-9492-2181BB1C789B}.Release|x86.ActiveCfg = Release|x86
		{AD7871BE-0280-47D4-9492-2181BB1C789B}.Release|x86.Build.0 = Release|x86
		{3FE690B8-7A3B-425E-913C-BFF7A55F7BC4}.Debug|Any CPU.ActiveCfg = Debug|x86
		{3FE690B8-7A3B-425E-913C-BFF7A55F7BC4}.Debug|Any CPU.Build.0 = Debug|x86
		{3FE690B8-7A3B-425E-913C-BFF7A55F7BC4}.Debug|x86.ActiveCfg = Debug|x86
		{3FE690B8-7A3B-425E-913C-BFF7A55F7BC4}.Debug|x86.Build.0 = Debug|x86
		{3FE690B8-7A3B-425E-913C-BFF7A55F7BC4}.Release|Any CPU.ActiveCfg = Release|x86
		{3FE690B8-7A3B-425E-913C-BFF7A55F7BC4}.Release|Any CPU.Build.0 = Release|x86
		{3FE690B8-7A3B-425E-913C-BFF7A55F7BC4}.Release|x86.ActiveCfg = Release|x86
		{3FE690B8-7A3B-425E-913C-BFF7A55F7BC4}.Release|x86.Build.0 = Release|x86
		{C3CB3D93-F5A8-4C61-B929-5F89E6B8AC0B}.Debug|Any CPU.ActiveCfg = Debug
		{C3CB3D93-F5A8-4C61-B929-5F89E6B8AC0B}.Debug|Any CPU.Build.0 = Debug
		{C3CB3D93-F5A8-4C61-B929-5F89E6B8AC0B}.Debug|x86.ActiveCfg = Debug
		{C3CB3D93-F5A8-4C61-B929-5F89E6B8AC0B}.Release|Any CPU.ActiveCfg = Release
		{C3CB3D93-F5A8-4C61-B929-5F89E6B8AC0B}.Release|Any CPU.Build.0 = Release
		{C3CB3D93-F5A8-4C61-B929-5F89E6B8AC0B}.Release|x86.ActiveCfg = Release
		{3D666E41-0263-4EFC-9B80-743CCE5494D6}.Debug|Any CPU.ActiveCfg = Debug|x86
		{3D666E41-0263-4EFC-9B80-743CCE5494D6}.Debug|x86.ActiveCfg = Debug|x86
		{3D666E41-0263-4EFC-9B80-743CCE5494D6}.Release|Any CPU.ActiveCfg = Release|x86
		{3D666E41-0263-4EFC-9B80-743CCE5494D6}.Release|x86.ActiveCfg = Release|x86
	EndGlobalSection
	GlobalSection(SolutionProperties) = preSolution
		HideSolutionNode = FALSE
	EndGlobalSection
EndGlobal
